{
  "name": "template-explorer",
  "version": "1.0.0",
  "lockfileVersion": 1,
  "requires": true,
  "dependencies": {
    "monaco-editor": {
      "version": "0.26.1",
      "resolved": "https://registry.nlark.com/monaco-editor/download/monaco-editor-0.26.1.tgz",
      "integrity": "sha1-YrtfZYvJU3n4q7ZLFHYyvRwBnXM="
    }
  }
}
